
Microsoft Visual Studio Solution File, Format Version 12.00
# Visual Studio Version 16
VisualStudioVersion = 16.0.31205.134
MinimumVisualStudioVersion = 10.0.40219.1
Project("{FAE04EC0-301F-11D3-BF4B-00C04F79EFBC}") = "SeminarManagementSystem", "SeminarManagementSystem\SeminarManagementSystem.csproj", "{8AF85AE9-2544-4D00-8D00-89018077043E}"
EndProject
Global
	GlobalSection(SolutionConfigurationPlatforms) = preSolution
		Debug|Any CPU = Debug|Any CPU
		Release|Any CPU = Release|Any CPU
	EndGlobalSection
	GlobalSection(ProjectConfigurationPlatforms) = postSolution
		{8AF85AE9-2544-4D00-8D00-89018077043E}.Debug|Any CPU.ActiveCfg = Debug|Any CPU
		{8AF85AE9-2544-4D00-8D00-89018077043E}.Debug|Any CPU.Build.0 = Debug|Any CPU
		{8AF85AE9-2544-4D00-8D00-89018077043E}.Release|Any CPU.ActiveCfg = Release|Any CPU
		{8AF85AE9-2544-4D00-8D00-89018077043E}.Release|Any CPU.Build.0 = Release|Any CPU
	EndGlobalSection
	GlobalSection(SolutionProperties) = preSolution
		HideSolutionNode = FALSE
	EndGlobalSection
	GlobalSection(ExtensibilityGlobals) = postSolution
		SolutionGuid = {465DA03F-216C-43F7-8215-49D4025296BD}
	EndGlobalSection
EndGlobal
